{
  "nodes": {
    "flake-utils": {
      "inputs": {
        "systems": "systems"
      },
      "locked": {
        "lastModified": 1701680307,
        "narHash": "sha256-kAuep2h5ajznlPMD9rnQyffWG8EM/C73lejGofXvdM8=",
        "owner": "numtide",
        "repo": "flake-utils",
        "rev": "4022d587cbbfd70fe950c1e2083a02621806a725",
        "type": "github"
      },
      "original": {
        "owner": "numtide",
        "repo": "flake-utils",
        "type": "github"
      }
    },
    "flake-utils_2": {
      "inputs": {
        "systems": "systems_2"
      },
      "locked": {
        "lastModified": 1681202837,
        "narHash": "sha256-H+Rh19JDwRtpVPAWp64F+rlEtxUWBAQW28eAi3SRSzg=",
        "owner": "numtide",
        "repo": "flake-utils",
        "rev": "cfacdce06f30d2b68473a46042957675eebb3401",
        "type": "github"
      },
      "original": {
        "owner": "numtide",
        "repo": "flake-utils",
        "type": "github"
      }
    },
    "naersk": {
      "inputs": {
        "nixpkgs": [
          "nixpkgs"
        ]
      },
      "locked": {
        "lastModified": 1698420672,
        "narHash": "sha256-/TdeHMPRjjdJub7p7+w55vyABrsJlt5QkznPYy55vKA=",
        "owner": "nix-community",
        "repo": "naersk",
        "rev": "aeb58d5e8faead8980a807c840232697982d47b9",
        "type": "github"
      },
      "original": {
        "owner": "nix-community",
        "repo": "naersk",
        "type": "github"
      }
    },
    "napalm": {
      "inputs": {
        "flake-utils": "flake-utils",
        "nixpkgs": [
          "nixpkgs"
        ]
      },
      "locked": {
        "lastModified": 1703102458,
        "narHash": "sha256-3pOV731qi34Q2G8e2SqjUXqnftuFrbcq+NdagEZXISo=",
        "owner": "nix-community",
        "repo": "napalm",
        "rev": "edcb26c266ca37c9521f6a97f33234633cbec186",
        "type": "github"
      },
      "original": {
        "owner": "nix-community",
        "repo": "napalm",
        "type": "github"
      }
    },
    "nix-based-sandbox-src": {
      "flake": false,
      "locked": {
        "lastModified": 1703778683,
        "narHash": "sha256-FPI3qiBSxkinEXy0dpBPk3AZnEY21mwtRn0nXXBV8Lo=",
        "ref": "refs/heads/master",
        "rev": "9b307ad893177925732bcd24b11ffa0a23c92622",
        "revCount": 197,
        "type": "git",
        "url": "https://codeberg.org/xfix/nix-based-sandbox.git"
      },
      "original": {
        "type": "git",
        "url": "https://codeberg.org/xfix/nix-based-sandbox.git"
      }
    },
    "nixpkgs": {
      "locked": {
        "lastModified": 1703992652,
        "narHash": "sha256-C0o8AUyu8xYgJ36kOxJfXIroy9if/G6aJbNOpA5W0+M=",
        "owner": "NixOS",
        "repo": "nixpkgs",
        "rev": "32f63574c85fbc80e4ba1fbb932cde9619bad25e",
        "type": "github"
      },
      "original": {
        "owner": "NixOS",
        "ref": "nixos-23.11-small",
        "repo": "nixpkgs",
        "type": "github"
      }
    },
    "pastebinrun-src": {
      "flake": false,
      "locked": {
        "lastModified": 1703836505,
        "narHash": "sha256-x7xfE6kPrORWHbOalGFsj55ti3R5uF739Sy3aewW2NQ=",
        "ref": "refs/heads/master",
        "rev": "9425506e79f4164105fbf4e4d0acc2bd3ca1f1a2",
        "revCount": 1983,
        "type": "git",
        "url": "https://codeberg.org/xfix/pastebinrun.git"
      },
      "original": {
        "type": "git",
        "url": "https://codeberg.org/xfix/pastebinrun.git"
      }
    },
    "pulldown-cmark-babelmark-src": {
      "flake": false,
      "locked": {
        "lastModified": 1703836520,
        "narHash": "sha256-1OP0JQYFzcrrkxtizCyQFsEWjhB67LDPC+/ChY272rw=",
        "ref": "refs/heads/master",
        "rev": "5991a55190be1d0901a1df6e254adfd9cb73a871",
        "revCount": 126,
        "type": "git",
        "url": "https://codeberg.org/xfix/pulldown-cmark-babelmark.git"
      },
      "original": {
        "type": "git",
        "url": "https://codeberg.org/xfix/pulldown-cmark-babelmark.git"
      }
    },
    "root": {
      "inputs": {
        "naersk": "naersk",
        "napalm": "napalm",
        "nix-based-sandbox-src": "nix-based-sandbox-src",
        "nixpkgs": "nixpkgs",
        "pastebinrun-src": "pastebinrun-src",
        "pulldown-cmark-babelmark-src": "pulldown-cmark-babelmark-src",
        "rust-overlay": "rust-overlay",
        "xbot-src": "xbot-src"
      }
    },
    "rust-overlay": {
      "inputs": {
        "flake-utils": "flake-utils_2",
        "nixpkgs": [
          "nixpkgs"
        ]
      },
      "locked": {
        "lastModified": 1703902408,
        "narHash": "sha256-qXdWvu+tlgNjeoz8yQMRKSom6QyRROfgpmeOhwbujqw=",
        "owner": "oxalica",
        "repo": "rust-overlay",
        "rev": "319f57cd2c34348c55970a4bf2b35afe82088681",
        "type": "github"
      },
      "original": {
        "owner": "oxalica",
        "repo": "rust-overlay",
        "type": "github"
      }
    },
    "systems": {
      "locked": {
        "lastModified": 1681028828,
        "narHash": "sha256-Vy1rq5AaRuLzOxct8nz4T6wlgyUR7zLU309k9mBC768=",
        "owner": "nix-systems",
        "repo": "default",
        "rev": "da67096a3b9bf56a91d16901293e51ba5b49a27e",
        "type": "github"
      },
      "original": {
        "owner": "nix-systems",
        "repo": "default",
        "type": "github"
      }
    },
    "systems_2": {
      "locked": {
        "lastModified": 1681028828,
        "narHash": "sha256-Vy1rq5AaRuLzOxct8nz4T6wlgyUR7zLU309k9mBC768=",
        "owner": "nix-systems",
        "repo": "default",
        "rev": "da67096a3b9bf56a91d16901293e51ba5b49a27e",
        "type": "github"
      },
      "original": {
        "owner": "nix-systems",
        "repo": "default",
        "type": "github"
      }
    },
    "xbot-src": {
      "flake": false,
      "locked": {
        "lastModified": 1704011052,
        "narHash": "sha256-jp3oAHNLEP2YUWJsFoBseKUN1qVPwLAFhjCdHfIBZlw=",
        "ref": "refs/heads/master",
        "rev": "30c1a92e29e43a7abfdd517932e7f122b995f685",
        "revCount": 410,
        "type": "git",
        "url": "https://codeberg.org/xfix/xbot.git"
      },
      "original": {
        "type": "git",
        "url": "https://codeberg.org/xfix/xbot.git"
      }
    }
  },
  "root": "root",
  "version": 7
}
