{
  "nodes": {
    "flake-utils": {
      "inputs": {
        "systems": "systems"
      },
      "locked": {
        "lastModified": 1701680307,
        "narHash": "sha256-kAuep2h5ajznlPMD9rnQyffWG8EM/C73lejGofXvdM8=",
        "owner": "numtide",
        "repo": "flake-utils",
        "rev": "4022d587cbbfd70fe950c1e2083a02621806a725",
        "type": "github"
      },
      "original": {
        "owner": "numtide",
        "repo": "flake-utils",
        "type": "github"
      }
    },
    "flake-utils_2": {
      "inputs": {
        "systems": "systems_2"
      },
      "locked": {
        "lastModified": 1681202837,
        "narHash": "sha256-H+Rh19JDwRtpVPAWp64F+rlEtxUWBAQW28eAi3SRSzg=",
        "owner": "numtide",
        "repo": "flake-utils",
        "rev": "cfacdce06f30d2b68473a46042957675eebb3401",
        "type": "github"
      },
      "original": {
        "owner": "numtide",
        "repo": "flake-utils",
        "type": "github"
      }
    },
    "naersk": {
      "inputs": {
        "nixpkgs": [
          "nixpkgs"
        ]
      },
      "locked": {
        "lastModified": 1698420672,
        "narHash": "sha256-/TdeHMPRjjdJub7p7+w55vyABrsJlt5QkznPYy55vKA=",
        "owner": "nix-community",
        "repo": "naersk",
        "rev": "aeb58d5e8faead8980a807c840232697982d47b9",
        "type": "github"
      },
      "original": {
        "owner": "nix-community",
        "repo": "naersk",
        "type": "github"
      }
    },
    "napalm": {
      "inputs": {
        "flake-utils": "flake-utils",
        "nixpkgs": [
          "nixpkgs"
        ]
      },
      "locked": {
        "lastModified": 1703102458,
        "narHash": "sha256-3pOV731qi34Q2G8e2SqjUXqnftuFrbcq+NdagEZXISo=",
        "owner": "nix-community",
        "repo": "napalm",
        "rev": "edcb26c266ca37c9521f6a97f33234633cbec186",
        "type": "github"
      },
      "original": {
        "owner": "nix-community",
        "repo": "napalm",
        "type": "github"
      }
    },
    "nix-based-sandbox-src": {
      "flake": false,
      "locked": {
        "lastModified": 1704538066,
        "narHash": "sha256-Ggbg6hSK09LyH/K+4BOAwok0UH6OntMt9HZup2SuPkE=",
        "ref": "refs/heads/master",
        "rev": "f3498525fc2515b86b6e62847044608fb0c7db06",
        "revCount": 201,
        "type": "git",
        "url": "https://codeberg.org/xfix/nix-based-sandbox.git"
      },
      "original": {
        "type": "git",
        "url": "https://codeberg.org/xfix/nix-based-sandbox.git"
      }
    },
    "nixpkgs": {
      "locked": {
        "lastModified": 1706117534,
        "narHash": "sha256-lpqFyGl6cs6jGGH6JAcELO8grB4NtJlu7Q4nNPL1UvM=",
        "owner": "NixOS",
        "repo": "nixpkgs",
        "rev": "6737bac6ac4a5314f34d2c736360a23182c09f17",
        "type": "github"
      },
      "original": {
        "owner": "NixOS",
        "ref": "nixos-23.11-small",
        "repo": "nixpkgs",
        "type": "github"
      }
    },
    "pastebinrun-src": {
      "flake": false,
      "locked": {
        "lastModified": 1706059404,
        "narHash": "sha256-WhL7RczuwszC5vD8SlKMMGZyPhmqNPrtH3FNh4ulM/8=",
        "ref": "refs/heads/master",
        "rev": "b641c170636e52d9db6c95c7dfad718795480f1c",
        "revCount": 2047,
        "type": "git",
        "url": "https://codeberg.org/xfix/pastebinrun.git"
      },
      "original": {
        "type": "git",
        "url": "https://codeberg.org/xfix/pastebinrun.git"
      }
    },
    "pulldown-cmark-babelmark-src": {
      "flake": false,
      "locked": {
        "lastModified": 1705302522,
        "narHash": "sha256-KYz4S05/Ocvke/7rNaaFbP9P/080G/JE8Kv6GSB2B2k=",
        "ref": "refs/heads/master",
        "rev": "52eb2d926acb631c4715544e18f4753b8e45f8bc",
        "revCount": 134,
        "type": "git",
        "url": "https://codeberg.org/xfix/pulldown-cmark-babelmark.git"
      },
      "original": {
        "type": "git",
        "url": "https://codeberg.org/xfix/pulldown-cmark-babelmark.git"
      }
    },
    "root": {
      "inputs": {
        "naersk": "naersk",
        "napalm": "napalm",
        "nix-based-sandbox-src": "nix-based-sandbox-src",
        "nixpkgs": "nixpkgs",
        "pastebinrun-src": "pastebinrun-src",
        "pulldown-cmark-babelmark-src": "pulldown-cmark-babelmark-src",
        "rust-overlay": "rust-overlay",
        "xbot-src": "xbot-src"
      }
    },
    "rust-overlay": {
      "inputs": {
        "flake-utils": "flake-utils_2",
        "nixpkgs": [
          "nixpkgs"
        ]
      },
      "locked": {
        "lastModified": 1706149103,
        "narHash": "sha256-Me28A0tAb1EzZIozfi31+hnsQIaYU0HXaMPWCe+zByc=",
        "owner": "oxalica",
        "repo": "rust-overlay",
        "rev": "493cc67d5e9f1b298241b8d92aa06883296acc3f",
        "type": "github"
      },
      "original": {
        "owner": "oxalica",
        "repo": "rust-overlay",
        "type": "github"
      }
    },
    "systems": {
      "locked": {
        "lastModified": 1681028828,
        "narHash": "sha256-Vy1rq5AaRuLzOxct8nz4T6wlgyUR7zLU309k9mBC768=",
        "owner": "nix-systems",
        "repo": "default",
        "rev": "da67096a3b9bf56a91d16901293e51ba5b49a27e",
        "type": "github"
      },
      "original": {
        "owner": "nix-systems",
        "repo": "default",
        "type": "github"
      }
    },
    "systems_2": {
      "locked": {
        "lastModified": 1681028828,
        "narHash": "sha256-Vy1rq5AaRuLzOxct8nz4T6wlgyUR7zLU309k9mBC768=",
        "owner": "nix-systems",
        "repo": "default",
        "rev": "da67096a3b9bf56a91d16901293e51ba5b49a27e",
        "type": "github"
      },
      "original": {
        "owner": "nix-systems",
        "repo": "default",
        "type": "github"
      }
    },
    "xbot-src": {
      "flake": false,
      "locked": {
        "lastModified": 1705840529,
        "narHash": "sha256-fZ/LtOjGqkErBq8/DmAGhMcz7OLRELXSY4bGm5ZYy6U=",
        "ref": "refs/heads/master",
        "rev": "b5ce986dd82a2fe805716eb981c78ce561a800c8",
        "revCount": 424,
        "type": "git",
        "url": "https://codeberg.org/xfix/xbot.git"
      },
      "original": {
        "type": "git",
        "url": "https://codeberg.org/xfix/xbot.git"
      }
    }
  },
  "root": "root",
  "version": 7
}
