{
  "nodes": {
    "flake-utils": {
      "inputs": {
        "systems": "systems"
      },
      "locked": {
        "lastModified": 1701680307,
        "narHash": "sha256-kAuep2h5ajznlPMD9rnQyffWG8EM/C73lejGofXvdM8=",
        "owner": "numtide",
        "repo": "flake-utils",
        "rev": "4022d587cbbfd70fe950c1e2083a02621806a725",
        "type": "github"
      },
      "original": {
        "owner": "numtide",
        "repo": "flake-utils",
        "type": "github"
      }
    },
    "flake-utils_2": {
      "inputs": {
        "systems": "systems_2"
      },
      "locked": {
        "lastModified": 1681202837,
        "narHash": "sha256-H+Rh19JDwRtpVPAWp64F+rlEtxUWBAQW28eAi3SRSzg=",
        "owner": "numtide",
        "repo": "flake-utils",
        "rev": "cfacdce06f30d2b68473a46042957675eebb3401",
        "type": "github"
      },
      "original": {
        "owner": "numtide",
        "repo": "flake-utils",
        "type": "github"
      }
    },
    "naersk": {
      "inputs": {
        "nixpkgs": [
          "nixpkgs"
        ]
      },
      "locked": {
        "lastModified": 1698420672,
        "narHash": "sha256-/TdeHMPRjjdJub7p7+w55vyABrsJlt5QkznPYy55vKA=",
        "owner": "nix-community",
        "repo": "naersk",
        "rev": "aeb58d5e8faead8980a807c840232697982d47b9",
        "type": "github"
      },
      "original": {
        "owner": "nix-community",
        "repo": "naersk",
        "type": "github"
      }
    },
    "napalm": {
      "inputs": {
        "flake-utils": "flake-utils",
        "nixpkgs": [
          "nixpkgs"
        ]
      },
      "locked": {
        "lastModified": 1703102458,
        "narHash": "sha256-3pOV731qi34Q2G8e2SqjUXqnftuFrbcq+NdagEZXISo=",
        "owner": "nix-community",
        "repo": "napalm",
        "rev": "edcb26c266ca37c9521f6a97f33234633cbec186",
        "type": "github"
      },
      "original": {
        "owner": "nix-community",
        "repo": "napalm",
        "type": "github"
      }
    },
    "nix-based-sandbox-src": {
      "flake": false,
      "locked": {
        "lastModified": 1703778683,
        "narHash": "sha256-FPI3qiBSxkinEXy0dpBPk3AZnEY21mwtRn0nXXBV8Lo=",
        "ref": "refs/heads/master",
        "rev": "9b307ad893177925732bcd24b11ffa0a23c92622",
        "revCount": 197,
        "type": "git",
        "url": "https://codeberg.org/xfix/nix-based-sandbox.git"
      },
      "original": {
        "type": "git",
        "url": "https://codeberg.org/xfix/nix-based-sandbox.git"
      }
    },
    "nixpkgs": {
      "locked": {
        "lastModified": 1703467016,
        "narHash": "sha256-/5A/dNPhbQx/Oa2d+Get174eNI3LERQ7u6WTWOlR1eQ=",
        "owner": "NixOS",
        "repo": "nixpkgs",
        "rev": "d02d818f22c777aa4e854efc3242ec451e5d462a",
        "type": "github"
      },
      "original": {
        "owner": "NixOS",
        "ref": "nixos-23.11-small",
        "repo": "nixpkgs",
        "type": "github"
      }
    },
    "pastebinrun-src": {
      "flake": false,
      "locked": {
        "lastModified": 1703800931,
        "narHash": "sha256-Ufhxv4EcRo52hhXyRrFD1t4nemDaXddHxyHP4tWTqjk=",
        "ref": "refs/heads/master",
        "rev": "da77609b54232fdccc52e84ab52d798ea14a8ed1",
        "revCount": 1981,
        "type": "git",
        "url": "https://codeberg.org/xfix/pastebinrun.git"
      },
      "original": {
        "type": "git",
        "url": "https://codeberg.org/xfix/pastebinrun.git"
      }
    },
    "pulldown-cmark-babelmark-src": {
      "flake": false,
      "locked": {
        "lastModified": 1703348539,
        "narHash": "sha256-VEmtqkTM32JCYPci6NV3101GqncxGsJgk5KWx6Z2h50=",
        "ref": "refs/heads/master",
        "rev": "ae8cbfa87923bd9562df66d47c1b366978259bd2",
        "revCount": 124,
        "type": "git",
        "url": "https://codeberg.org/xfix/pulldown-cmark-babelmark.git"
      },
      "original": {
        "type": "git",
        "url": "https://codeberg.org/xfix/pulldown-cmark-babelmark.git"
      }
    },
    "root": {
      "inputs": {
        "naersk": "naersk",
        "napalm": "napalm",
        "nix-based-sandbox-src": "nix-based-sandbox-src",
        "nixpkgs": "nixpkgs",
        "pastebinrun-src": "pastebinrun-src",
        "pulldown-cmark-babelmark-src": "pulldown-cmark-babelmark-src",
        "rust-overlay": "rust-overlay",
        "xbot-src": "xbot-src"
      }
    },
    "rust-overlay": {
      "inputs": {
        "flake-utils": "flake-utils_2",
        "nixpkgs": [
          "nixpkgs"
        ]
      },
      "locked": {
        "lastModified": 1703729606,
        "narHash": "sha256-5QlUMNPKv++mWlS2r3F8bffoSBHXq1qHg+V5mnfSixg=",
        "owner": "oxalica",
        "repo": "rust-overlay",
        "rev": "347789ef125df15b685e8295364ad8ed331fef94",
        "type": "github"
      },
      "original": {
        "owner": "oxalica",
        "repo": "rust-overlay",
        "type": "github"
      }
    },
    "systems": {
      "locked": {
        "lastModified": 1681028828,
        "narHash": "sha256-Vy1rq5AaRuLzOxct8nz4T6wlgyUR7zLU309k9mBC768=",
        "owner": "nix-systems",
        "repo": "default",
        "rev": "da67096a3b9bf56a91d16901293e51ba5b49a27e",
        "type": "github"
      },
      "original": {
        "owner": "nix-systems",
        "repo": "default",
        "type": "github"
      }
    },
    "systems_2": {
      "locked": {
        "lastModified": 1681028828,
        "narHash": "sha256-Vy1rq5AaRuLzOxct8nz4T6wlgyUR7zLU309k9mBC768=",
        "owner": "nix-systems",
        "repo": "default",
        "rev": "da67096a3b9bf56a91d16901293e51ba5b49a27e",
        "type": "github"
      },
      "original": {
        "owner": "nix-systems",
        "repo": "default",
        "type": "github"
      }
    },
    "xbot-src": {
      "flake": false,
      "locked": {
        "lastModified": 1703663831,
        "narHash": "sha256-nAGE85c/GAhrpkFw7fhI4GIYBxkDwXQvN52K0sM4L4Q=",
        "ref": "refs/heads/master",
        "rev": "cc36951a351344d4233bfe6fa15641cd1d839cdf",
        "revCount": 406,
        "type": "git",
        "url": "https://codeberg.org/xfix/xbot.git"
      },
      "original": {
        "type": "git",
        "url": "https://codeberg.org/xfix/xbot.git"
      }
    }
  },
  "root": "root",
  "version": 7
}
